// !$*UTF8*$!
{
	archiveVersion = 1;
	classes = {
	};
	objectVersion = 50;
	objects = {

/* Begin PBXBuildFile section */
		AD154AD6235DA67B00B9AD58 /* ExchangeResultTableViewController.swift in Sources */ = {isa = PBXBuildFile; fileRef = AD154AD5235DA67B00B9AD58 /* ExchangeResultTableViewController.swift */; };
		AD154AD8235DAA8000B9AD58 /* PopulateTableViewCell.swift in Sources */ = {isa = PBXBuildFile; fileRef = AD154AD7235DAA8000B9AD58 /* PopulateTableViewCell.swift */; };
		AD154ADE236036C200B9AD58 /* CurrencyConverterViewModel.swift in Sources */ = {isa = PBXBuildFile; fileRef = AD154ADD236036C200B9AD58 /* CurrencyConverterViewModel.swift */; };
		AD154AE023605F1900B9AD58 /* CurrencyConvertService.swift in Sources */ = {isa = PBXBuildFile; fileRef = AD154ADF23605F1900B9AD58 /* CurrencyConvertService.swift */; };
		AD154AE22360666A00B9AD58 /* CurrencyConverterModel.swift in Sources */ = {isa = PBXBuildFile; fileRef = AD154AE12360666A00B9AD58 /* CurrencyConverterModel.swift */; };
		AD154AE42360675800B9AD58 /* CurrenciesModel.swift in Sources */ = {isa = PBXBuildFile; fileRef = AD154AE32360675800B9AD58 /* CurrenciesModel.swift */; };
		AD154AE623616D5A00B9AD58 /* ExchangeCurrenciesService.swift in Sources */ = {isa = PBXBuildFile; fileRef = AD154AE523616D5A00B9AD58 /* ExchangeCurrenciesService.swift */; };
		AD154AE823616DE500B9AD58 /* ExchangeCurrenciesViewModel.swift in Sources */ = {isa = PBXBuildFile; fileRef = AD154AE723616DE500B9AD58 /* ExchangeCurrenciesViewModel.swift */; };
		ADE091B2235B1DCD003C4008 /* AppDelegate.swift in Sources */ = {isa = PBXBuildFile; fileRef = ADE091B1235B1DCD003C4008 /* AppDelegate.swift */; };
		ADE091B4235B1DCD003C4008 /* ViewController.swift in Sources */ = {isa = PBXBuildFile; fileRef = ADE091B3235B1DCD003C4008 /* ViewController.swift */; };
		ADE091B9235B1DCF003C4008 /* Assets.xcassets in Resources */ = {isa = PBXBuildFile; fileRef = ADE091B8235B1DCF003C4008 /* Assets.xcassets */; };
		ADE091BC235B1DCF003C4008 /* LaunchScreen.storyboard in Resources */ = {isa = PBXBuildFile; fileRef = ADE091BA235B1DCF003C4008 /* LaunchScreen.storyboard */; };
		ADE091C6235B205B003C4008 /* SnapKit.framework in Embed files */ = {isa = PBXBuildFile; fileRef = ADE091C5235B205B003C4008 /* SnapKit.framework */; settings = {ATTRIBUTES = (CodeSignOnCopy, RemoveHeadersOnCopy, ); }; };
		ADE091C8235B2074003C4008 /* SnapKit.framework in Frameworks */ = {isa = PBXBuildFile; fileRef = ADE091C5235B205B003C4008 /* SnapKit.framework */; };
		ADE091CA235B20EF003C4008 /* ServiceErrors.swift in Sources */ = {isa = PBXBuildFile; fileRef = ADE091C9235B20EF003C4008 /* ServiceErrors.swift */; };
		ADE091CC235B4E6C003C4008 /* CurrencyConverterViewController.swift in Sources */ = {isa = PBXBuildFile; fileRef = ADE091CB235B4E6C003C4008 /* CurrencyConverterViewController.swift */; };
		ADE091CE235D4862003C4008 /* ExchangeCurrenciesViewController.swift in Sources */ = {isa = PBXBuildFile; fileRef = ADE091CD235D4862003C4008 /* ExchangeCurrenciesViewController.swift */; };
/* End PBXBuildFile section */

/* Begin PBXCopyFilesBuildPhase section */
		ADE091C4235B1EDB003C4008 /* Embed files */ = {
			isa = PBXCopyFilesBuildPhase;
			buildActionMask = 2147483647;
			dstPath = "";
			dstSubfolderSpec = 10;
			files = (
				ADE091C6235B205B003C4008 /* SnapKit.framework in Embed files */,
			);
			name = "Embed files";
			runOnlyForDeploymentPostprocessing = 0;
		};
/* End PBXCopyFilesBuildPhase section */

/* Begin PBXFileReference section */
		AD154AD5235DA67B00B9AD58 /* ExchangeResultTableViewController.swift */ = {isa = PBXFileReference; lastKnownFileType = sourcecode.swift; path = ExchangeResultTableViewController.swift; sourceTree = "<group>"; };
		AD154AD7235DAA8000B9AD58 /* PopulateTableViewCell.swift */ = {isa = PBXFileReference; lastKnownFileType = sourcecode.swift; path = PopulateTableViewCell.swift; sourceTree = "<group>"; };
		AD154ADD236036C200B9AD58 /* CurrencyConverterViewModel.swift */ = {isa = PBXFileReference; lastKnownFileType = sourcecode.swift; path = CurrencyConverterViewModel.swift; sourceTree = "<group>"; };
		AD154ADF23605F1900B9AD58 /* CurrencyConvertService.swift */ = {isa = PBXFileReference; lastKnownFileType = sourcecode.swift; path = CurrencyConvertService.swift; sourceTree = "<group>"; };
		AD154AE12360666A00B9AD58 /* CurrencyConverterModel.swift */ = {isa = PBXFileReference; lastKnownFileType = sourcecode.swift; path = CurrencyConverterModel.swift; sourceTree = "<group>"; };
		AD154AE32360675800B9AD58 /* CurrenciesModel.swift */ = {isa = PBXFileReference; lastKnownFileType = sourcecode.swift; path = CurrenciesModel.swift; sourceTree = "<group>"; };
		AD154AE523616D5A00B9AD58 /* ExchangeCurrenciesService.swift */ = {isa = PBXFileReference; lastKnownFileType = sourcecode.swift; path = ExchangeCurrenciesService.swift; sourceTree = "<group>"; };
		AD154AE723616DE500B9AD58 /* ExchangeCurrenciesViewModel.swift */ = {isa = PBXFileReference; lastKnownFileType = sourcecode.swift; path = ExchangeCurrenciesViewModel.swift; sourceTree = "<group>"; };
		ADE091AE235B1DCD003C4008 /* CurrencyConverter2.app */ = {isa = PBXFileReference; explicitFileType = wrapper.application; includeInIndex = 0; path = CurrencyConverter2.app; sourceTree = BUILT_PRODUCTS_DIR; };
		ADE091B1235B1DCD003C4008 /* AppDelegate.swift */ = {isa = PBXFileReference; lastKnownFileType = sourcecode.swift; path = AppDelegate.swift; sourceTree = "<group>"; };
		ADE091B3235B1DCD003C4008 /* ViewController.swift */ = {isa = PBXFileReference; lastKnownFileType = sourcecode.swift; path = ViewController.swift; sourceTree = "<group>"; };
		ADE091B8235B1DCF003C4008 /* Assets.xcassets */ = {isa = PBXFileReference; lastKnownFileType = folder.assetcatalog; path = Assets.xcassets; sourceTree = "<group>"; };
		ADE091BB235B1DCF003C4008 /* Base */ = {isa = PBXFileReference; lastKnownFileType = file.storyboard; name = Base; path = Base.lproj/LaunchScreen.storyboard; sourceTree = "<group>"; };
		ADE091BD235B1DCF003C4008 /* Info.plist */ = {isa = PBXFileReference; lastKnownFileType = text.plist.xml; path = Info.plist; sourceTree = "<group>"; };
		ADE091C5235B205B003C4008 /* SnapKit.framework */ = {isa = PBXFileReference; lastKnownFileType = wrapper.framework; name = SnapKit.framework; path = Carthage/Build/iOS/SnapKit.framework; sourceTree = "<group>"; };
		ADE091C9235B20EF003C4008 /* ServiceErrors.swift */ = {isa = PBXFileReference; lastKnownFileType = sourcecode.swift; path = ServiceErrors.swift; sourceTree = "<group>"; };
		ADE091CB235B4E6C003C4008 /* CurrencyConverterViewController.swift */ = {isa = PBXFileReference; lastKnownFileType = sourcecode.swift; path = CurrencyConverterViewController.swift; sourceTree = "<group>"; };
		ADE091CD235D4862003C4008 /* ExchangeCurrenciesViewController.swift */ = {isa = PBXFileReference; lastKnownFileType = sourcecode.swift; path = ExchangeCurrenciesViewController.swift; sourceTree = "<group>"; };
/* End PBXFileReference section */

/* Begin PBXFrameworksBuildPhase section */
		ADE091AB235B1DCD003C4008 /* Frameworks */ = {
			isa = PBXFrameworksBuildPhase;
			buildActionMask = 2147483647;
			files = (
				ADE091C8235B2074003C4008 /* SnapKit.framework in Frameworks */,
			);
			runOnlyForDeploymentPostprocessing = 0;
		};
/* End PBXFrameworksBuildPhase section */

/* Begin PBXGroup section */
		AD154AE92361769200B9AD58 /* CurrencyConverter */ = {
			isa = PBXGroup;
			children = (
				ADE091CB235B4E6C003C4008 /* CurrencyConverterViewController.swift */,
				AD154ADD236036C200B9AD58 /* CurrencyConverterViewModel.swift */,
				AD154ADF23605F1900B9AD58 /* CurrencyConvertService.swift */,
				AD154AE12360666A00B9AD58 /* CurrencyConverterModel.swift */,
				AD154AE32360675800B9AD58 /* CurrenciesModel.swift */,
			);
			path = CurrencyConverter;
			sourceTree = "<group>";
		};
		AD154AEA236176DF00B9AD58 /* ExchangeCurrencies */ = {
			isa = PBXGroup;
			children = (
				AD154AE523616D5A00B9AD58 /* ExchangeCurrenciesService.swift */,
				AD154AE723616DE500B9AD58 /* ExchangeCurrenciesViewModel.swift */,
				ADE091CD235D4862003C4008 /* ExchangeCurrenciesViewController.swift */,
				AD154AD5235DA67B00B9AD58 /* ExchangeResultTableViewController.swift */,
				AD154AD7235DAA8000B9AD58 /* PopulateTableViewCell.swift */,
			);
			path = ExchangeCurrencies;
			sourceTree = "<group>";
		};
		ADE091A5235B1DCD003C4008 = {
			isa = PBXGroup;
			children = (
				ADE091C5235B205B003C4008 /* SnapKit.framework */,
				ADE091B0235B1DCD003C4008 /* CurrencyConverter2 */,
				ADE091AF235B1DCD003C4008 /* Products */,
				ADE091C7235B2074003C4008 /* Frameworks */,
			);
			sourceTree = "<group>";
		};
		ADE091AF235B1DCD003C4008 /* Products */ = {
			isa = PBXGroup;
			children = (
				ADE091AE235B1DCD003C4008 /* CurrencyConverter2.app */,
			);
			name = Products;
			sourceTree = "<group>";
		};
		ADE091B0235B1DCD003C4008 /* CurrencyConverter2 */ = {
			isa = PBXGroup;
			children = (
				AD154AEA236176DF00B9AD58 /* ExchangeCurrencies */,
				AD154AE92361769200B9AD58 /* CurrencyConverter */,
				ADE091B1235B1DCD003C4008 /* AppDelegate.swift */,
				ADE091B3235B1DCD003C4008 /* ViewController.swift */,
				ADE091B8235B1DCF003C4008 /* Assets.xcassets */,
				ADE091BA235B1DCF003C4008 /* LaunchScreen.storyboard */,
				ADE091BD235B1DCF003C4008 /* Info.plist */,
				ADE091C9235B20EF003C4008 /* ServiceErrors.swift */,
			);
			path = CurrencyConverter2;
			sourceTree = "<group>";
		};
		ADE091C7235B2074003C4008 /* Frameworks */ = {
			isa = PBXGroup;
			children = (
			);
			name = Frameworks;
			sourceTree = "<group>";
		};
/* End PBXGroup section */

/* Begin PBXNativeTarget section */
		ADE091AD235B1DCD003C4008 /* CurrencyConverter2 */ = {
			isa = PBXNativeTarget;
			buildConfigurationList = ADE091C0235B1DCF003C4008 /* Build configuration list for PBXNativeTarget "CurrencyConverter2" */;
			buildPhases = (
				ADE091AA235B1DCD003C4008 /* Sources */,
				ADE091AB235B1DCD003C4008 /* Frameworks */,
				ADE091AC235B1DCD003C4008 /* Resources */,
				ADE091C4235B1EDB003C4008 /* Embed files */,
			);
			buildRules = (
			);
			dependencies = (
			);
			name = CurrencyConverter2;
			productName = CurrencyConverter2;
			productReference = ADE091AE235B1DCD003C4008 /* CurrencyConverter2.app */;
			productType = "com.apple.product-type.application";
		};
/* End PBXNativeTarget section */

/* Begin PBXProject section */
		ADE091A6235B1DCD003C4008 /* Project object */ = {
			isa = PBXProject;
			attributes = {
				LastSwiftUpdateCheck = 1030;
				LastUpgradeCheck = 1030;
				ORGANIZATIONNAME = "Kulanthaivel, Myl (.)";
				TargetAttributes = {
					ADE091AD235B1DCD003C4008 = {
						CreatedOnToolsVersion = 10.3;
					};
				};
			};
			buildConfigurationList = ADE091A9235B1DCD003C4008 /* Build configuration list for PBXProject "CurrencyConverter2" */;
			compatibilityVersion = "Xcode 9.3";
			developmentRegion = en;
			hasScannedForEncodings = 0;
			knownRegions = (
				en,
				Base,
			);
			mainGroup = ADE091A5235B1DCD003C4008;
			productRefGroup = ADE091AF235B1DCD003C4008 /* Products */;
			projectDirPath = "";
			projectRoot = "";
			targets = (
				ADE091AD235B1DCD003C4008 /* CurrencyConverter2 */,
			);
		};
/* End PBXProject section */

/* Begin PBXResourcesBuildPhase section */
		ADE091AC235B1DCD003C4008 /* Resources */ = {
			isa = PBXResourcesBuildPhase;
			buildActionMask = 2147483647;
			files = (
				ADE091BC235B1DCF003C4008 /* LaunchScreen.storyboard in Resources */,
				ADE091B9235B1DCF003C4008 /* Assets.xcassets in Resources */,
			);
			runOnlyForDeploymentPostprocessing = 0;
		};
/* End PBXResourcesBuildPhase section */

/* Begin PBXSourcesBuildPhase section */
		ADE091AA235B1DCD003C4008 /* Sources */ = {
			isa = PBXSourcesBuildPhase;
			buildActionMask = 2147483647;
			files = (
				ADE091CE235D4862003C4008 /* ExchangeCurrenciesViewController.swift in Sources */,
				AD154AE42360675800B9AD58 /* CurrenciesModel.swift in Sources */,
				AD154AD6235DA67B00B9AD58 /* ExchangeResultTableViewController.swift in Sources */,
				ADE091B4235B1DCD003C4008 /* ViewController.swift in Sources */,
				ADE091B2235B1DCD003C4008 /* AppDelegate.swift in Sources */,
				ADE091CC235B4E6C003C4008 /* CurrencyConverterViewController.swift in Sources */,
				AD154AE023605F1900B9AD58 /* CurrencyConvertService.swift in Sources */,
				AD154ADE236036C200B9AD58 /* CurrencyConverterViewModel.swift in Sources */,
				AD154AE823616DE500B9AD58 /* ExchangeCurrenciesViewModel.swift in Sources */,
				AD154AD8235DAA8000B9AD58 /* PopulateTableViewCell.swift in Sources */,
				AD154AE623616D5A00B9AD58 /* ExchangeCurrenciesService.swift in Sources */,
				AD154AE22360666A00B9AD58 /* CurrencyConverterModel.swift in Sources */,
				ADE091CA235B20EF003C4008 /* ServiceErrors.swift in Sources */,
			);
			runOnlyForDeploymentPostprocessing = 0;
		};
/* End PBXSourcesBuildPhase section */

/* Begin PBXVariantGroup section */
		ADE091BA235B1DCF003C4008 /* LaunchScreen.storyboard */ = {
			isa = PBXVariantGroup;
			children = (
				ADE091BB235B1DCF003C4008 /* Base */,
			);
			name = LaunchScreen.storyboard;
			sourceTree = "<group>";
		};
/* End PBXVariantGroup section */

/* Begin XCBuildConfiguration section */
		ADE091BE235B1DCF003C4008 /* Debug */ = {
			isa = XCBuildConfiguration;
			buildSettings = {
				ALWAYS_SEARCH_USER_PATHS = NO;
				CLANG_ANALYZER_NONNULL = YES;
				CLANG_ANALYZER_NUMBER_OBJECT_CONVERSION = YES_AGGRESSIVE;
				CLANG_CXX_LANGUAGE_STANDARD = "gnu++14";
				CLANG_CXX_LIBRARY = "libc++";
				CLANG_ENABLE_MODULES = YES;
				CLANG_ENABLE_OBJC_ARC = YES;
				CLANG_ENABLE_OBJC_WEAK = YES;
				CLANG_WARN_BLOCK_CAPTURE_AUTORELEASING = YES;
				CLANG_WARN_BOOL_CONVERSION = YES;
				CLANG_WARN_COMMA = YES;
				CLANG_WARN_CONSTANT_CONVERSION = YES;
				CLANG_WARN_DEPRECATED_OBJC_IMPLEMENTATIONS = YES;
				CLANG_WARN_DIRECT_OBJC_ISA_USAGE = YES_ERROR;
				CLANG_WARN_DOCUMENTATION_COMMENTS = YES;
				CLANG_WARN_EMPTY_BODY = YES;
				CLANG_WARN_ENUM_CONVERSION = YES;
				CLANG_WARN_INFINITE_RECURSION = YES;
				CLANG_WARN_INT_CONVERSION = YES;
				CLANG_WARN_NON_LITERAL_NULL_CONVERSION = YES;
				CLANG_WARN_OBJC_IMPLICIT_RETAIN_SELF = YES;
				CLANG_WARN_OBJC_LITERAL_CONVERSION = YES;
				CLANG_WARN_OBJC_ROOT_CLASS = YES_ERROR;
				CLANG_WARN_RANGE_LOOP_ANALYSIS = YES;
				CLANG_WARN_STRICT_PROTOTYPES = YES;
				CLANG_WARN_SUSPICIOUS_MOVE = YES;
				CLANG_WARN_UNGUARDED_AVAILABILITY = YES_AGGRESSIVE;
				CLANG_WARN_UNREACHABLE_CODE = YES;
				CLANG_WARN__DUPLICATE_METHOD_MATCH = YES;
				CODE_SIGN_IDENTITY = "iPhone Developer";
				COPY_PHASE_STRIP = NO;
				DEBUG_INFORMATION_FORMAT = dwarf;
				ENABLE_STRICT_OBJC_MSGSEND = YES;
				ENABLE_TESTABILITY = YES;
				GCC_C_LANGUAGE_STANDARD = gnu11;
				GCC_DYNAMIC_NO_PIC = NO;
				GCC_NO_COMMON_BLOCKS = YES;
				GCC_OPTIMIZATION_LEVEL = 0;
				GCC_PREPROCESSOR_DEFINITIONS = (
					"DEBUG=1",
					"$(inherited)",
				);
				GCC_WARN_64_TO_32_BIT_CONVERSION = YES;
				GCC_WARN_ABOUT_RETURN_TYPE = YES_ERROR;
				GCC_WARN_UNDECLARED_SELECTOR = YES;
				GCC_WARN_UNINITIALIZED_AUTOS = YES_AGGRESSIVE;
				GCC_WARN_UNUSED_FUNCTION = YES;
				GCC_WARN_UNUSED_VARIABLE = YES;
				IPHONEOS_DEPLOYMENT_TARGET = 12.4;
				MTL_ENABLE_DEBUG_INFO = INCLUDE_SOURCE;
				MTL_FAST_MATH = YES;
				ONLY_ACTIVE_ARCH = YES;
				SDKROOT = iphoneos;
				SWIFT_ACTIVE_COMPILATION_CONDITIONS = DEBUG;
				SWIFT_OPTIMIZATION_LEVEL = "-Onone";
			};
			name = Debug;
		};
		ADE091BF235B1DCF003C4008 /* Release */ = {
			isa = XCBuildConfiguration;
			buildSettings = {
				ALWAYS_SEARCH_USER_PATHS = NO;
				CLANG_ANALYZER_NONNULL = YES;
				CLANG_ANALYZER_NUMBER_OBJECT_CONVERSION = YES_AGGRESSIVE;
				CLANG_CXX_LANGUAGE_STANDARD = "gnu++14";
				CLANG_CXX_LIBRARY = "libc++";
				CLANG_ENABLE_MODULES = YES;
				CLANG_ENABLE_OBJC_ARC = YES;
				CLANG_ENABLE_OBJC_WEAK = YES;
				CLANG_WARN_BLOCK_CAPTURE_AUTORELEASING = YES;
				CLANG_WARN_BOOL_CONVERSION = YES;
				CLANG_WARN_COMMA = YES;
				CLANG_WARN_CONSTANT_CONVERSION = YES;
				CLANG_WARN_DEPRECATED_OBJC_IMPLEMENTATIONS = YES;
				CLANG_WARN_DIRECT_OBJC_ISA_USAGE = YES_ERROR;
				CLANG_WARN_DOCUMENTATION_COMMENTS = YES;
				CLANG_WARN_EMPTY_BODY = YES;
				CLANG_WARN_ENUM_CONVERSION = YES;
				CLANG_WARN_INFINITE_RECURSION = YES;
				CLANG_WARN_INT_CONVERSION = YES;
				CLANG_WARN_NON_LITERAL_NULL_CONVERSION = YES;
				CLANG_WARN_OBJC_IMPLICIT_RETAIN_SELF = YES;
				CLANG_WARN_OBJC_LITERAL_CONVERSION = YES;
				CLANG_WARN_OBJC_ROOT_CLASS = YES_ERROR;
				CLANG_WARN_RANGE_LOOP_ANALYSIS = YES;
				CLANG_WARN_STRICT_PROTOTYPES = YES;
				CLANG_WARN_SUSPICIOUS_MOVE = YES;
				CLANG_WARN_UNGUARDED_AVAILABILITY = YES_AGGRESSIVE;
				CLANG_WARN_UNREACHABLE_CODE = YES;
				CLANG_WARN__DUPLICATE_METHOD_MATCH = YES;
				CODE_SIGN_IDENTITY = "iPhone Developer";
				COPY_PHASE_STRIP = NO;
				DEBUG_INFORMATION_FORMAT = "dwarf-with-dsym";
				ENABLE_NS_ASSERTIONS = NO;
				ENABLE_STRICT_OBJC_MSGSEND = YES;
				GCC_C_LANGUAGE_STANDARD = gnu11;
				GCC_NO_COMMON_BLOCKS = YES;
				GCC_WARN_64_TO_32_BIT_CONVERSION = YES;
				GCC_WARN_ABOUT_RETURN_TYPE = YES_ERROR;
				GCC_WARN_UNDECLARED_SELECTOR = YES;
				GCC_WARN_UNINITIALIZED_AUTOS = YES_AGGRESSIVE;
				GCC_WARN_UNUSED_FUNCTION = YES;
				GCC_WARN_UNUSED_VARIABLE = YES;
				IPHONEOS_DEPLOYMENT_TARGET = 12.4;
				MTL_ENABLE_DEBUG_INFO = NO;
				MTL_FAST_MATH = YES;
				SDKROOT = iphoneos;
				SWIFT_COMPILATION_MODE = wholemodule;
				SWIFT_OPTIMIZATION_LEVEL = "-O";
				VALIDATE_PRODUCT = YES;
			};
			name = Release;
		};
		ADE091C1235B1DCF003C4008 /* Debug */ = {
			isa = XCBuildConfiguration;
			buildSettings = {
				ASSETCATALOG_COMPILER_APPICON_NAME = AppIcon;
				CODE_SIGN_STYLE = Automatic;
				FRAMEWORK_SEARCH_PATHS = (
					"$(inherited)",
					"$(PROJECT_DIR)/Carthage/Build/iOS",
				);
				INFOPLIST_FILE = CurrencyConverter2/Info.plist;
				LD_RUNPATH_SEARCH_PATHS = (
					"$(inherited)",
					"@executable_path/Frameworks",
				);
				PRODUCT_BUNDLE_IDENTIFIER = com.photo.CurrencyConverter2;
				PRODUCT_NAME = "$(TARGET_NAME)";
				SWIFT_VERSION = 5.0;
				TARGETED_DEVICE_FAMILY = "1,2";
			};
			name = Debug;
		};
		ADE091C2235B1DCF003C4008 /* Release */ = {
			isa = XCBuildConfiguration;
			buildSettings = {
				ASSETCATALOG_COMPILER_APPICON_NAME = AppIcon;
				CODE_SIGN_STYLE = Automatic;
				FRAMEWORK_SEARCH_PATHS = (
					"$(inherited)",
					"$(PROJECT_DIR)/Carthage/Build/iOS",
				);
				INFOPLIST_FILE = CurrencyConverter2/Info.plist;
				LD_RUNPATH_SEARCH_PATHS = (
					"$(inherited)",
					"@executable_path/Frameworks",
				);
				PRODUCT_BUNDLE_IDENTIFIER = com.photo.CurrencyConverter2;
				PRODUCT_NAME = "$(TARGET_NAME)";
				SWIFT_VERSION = 5.0;
				TARGETED_DEVICE_FAMILY = "1,2";
			};
			name = Release;
		};
/* End XCBuildConfiguration section */

/* Begin XCConfigurationList section */
		ADE091A9235B1DCD003C4008 /* Build configuration list for PBXProject "CurrencyConverter2" */ = {
			isa = XCConfigurationList;
			buildConfigurations = (
				ADE091BE235B1DCF003C4008 /* Debug */,
				ADE091BF235B1DCF003C4008 /* Release */,
			);
			defaultConfigurationIsVisible = 0;
			defaultConfigurationName = Release;
		};
		ADE091C0235B1DCF003C4008 /* Build configuration list for PBXNativeTarget "CurrencyConverter2" */ = {
			isa = XCConfigurationList;
			buildConfigurations = (
				ADE091C1235B1DCF003C4008 /* Debug */,
				ADE091C2235B1DCF003C4008 /* Release */,
			);
			defaultConfigurationIsVisible = 0;
			defaultConfigurationName = Release;
		};
/* End XCConfigurationList section */
	};
	rootObject = ADE091A6235B1DCD003C4008 /* Project object */;
}
